// !$*UTF8*$!
{
	archiveVersion = 1;
	classes = {
	};
	objectVersion = 50;
	objects = {

/* Begin PBXBuildFile section */
		6C9C1C6524384C0A005E09BA /* AppDelegate.swift in Sources */ = {isa = PBXBuildFile; fileRef = 6C9C1C6424384C0A005E09BA /* AppDelegate.swift */; };
		6C9C1C6724384C0A005E09BA /* SceneDelegate.swift in Sources */ = {isa = PBXBuildFile; fileRef = 6C9C1C6624384C0A005E09BA /* SceneDelegate.swift */; };
		6C9C1C6924384C0A005E09BA /* ViewController.swift in Sources */ = {isa = PBXBuildFile; fileRef = 6C9C1C6824384C0A005E09BA /* ViewController.swift */; };
		6C9C1C6C24384C0A005E09BA /* Main.storyboard in Resources */ = {isa = PBXBuildFile; fileRef = 6C9C1C6A24384C0A005E09BA /* Main.storyboard */; };
		6C9C1C6E24384C0C005E09BA /* Assets.xcassets in Resources */ = {isa = PBXBuildFile; fileRef = 6C9C1C6D24384C0C005E09BA /* Assets.xcassets */; };
		6C9C1C7124384C0C005E09BA /* LaunchScreen.storyboard in Resources */ = {isa = PBXBuildFile; fileRef = 6C9C1C6F24384C0C005E09BA /* LaunchScreen.storyboard */; };
/* End PBXBuildFile section */

/* Begin PBXFileReference section */
		6C9C1C6124384C0A005E09BA /* LilArcadeProj.app */ = {isa = PBXFileReference; explicitFileType = wrapper.application; includeInIndex = 0; path = LilArcadeProj.app; sourceTree = BUILT_PRODUCTS_DIR; };
		6C9C1C6424384C0A005E09BA /* AppDelegate.swift */ = {isa = PBXFileReference; lastKnownFileType = sourcecode.swift; path = AppDelegate.swift; sourceTree = "<group>"; };
		6C9C1C6624384C0A005E09BA /* SceneDelegate.swift */ = {isa = PBXFileReference; lastKnownFileType = sourcecode.swift; path = SceneDelegate.swift; sourceTree = "<group>"; };
		6C9C1C6824384C0A005E09BA /* ViewController.swift */ = {isa = PBXFileReference; lastKnownFileType = sourcecode.swift; path = ViewController.swift; sourceTree = "<group>"; };
		6C9C1C6B24384C0A005E09BA /* Base */ = {isa = PBXFileReference; lastKnownFileType = file.storyboard; name = Base; path = Base.lproj/Main.storyboard; sourceTree = "<group>"; };
		6C9C1C6D24384C0C005E09BA /* Assets.xcassets */ = {isa = PBXFileReference; lastKnownFileType = folder.assetcatalog; path = Assets.xcassets; sourceTree = "<group>"; };
		6C9C1C7024384C0C005E09BA /* Base */ = {isa = PBXFileReference; lastKnownFileType = file.storyboard; name = Base; path = Base.lproj/LaunchScreen.storyboard; sourceTree = "<group>"; };
		6C9C1C7224384C0C005E09BA /* Info.plist */ = {isa = PBXFileReference; lastKnownFileType = text.plist.xml; path = Info.plist; sourceTree = "<group>"; };
/* End PBXFileReference section */

/* Begin PBXFrameworksBuildPhase section */
		6C9C1C5E24384C0A005E09BA /* Frameworks */ = {
			isa = PBXFrameworksBuildPhase;
			buildActionMask = 2147483647;
			files = (
			);
			runOnlyForDeploymentPostprocessing = 0;
		};
/* End PBXFrameworksBuildPhase section */

/* Begin PBXGroup section */
		6C9C1C5824384C0A005E09BA = {
			isa = PBXGroup;
			children = (
				6C9C1C6324384C0A005E09BA /* LilArcadeProj */,
				6C9C1C6224384C0A005E09BA /* Products */,
			);
			sourceTree = "<group>";
		};
		6C9C1C6224384C0A005E09BA /* Products */ = {
			isa = PBXGroup;
			children = (
				6C9C1C6124384C0A005E09BA /* LilArcadeProj.app */,
			);
			name = Products;
			sourceTree = "<group>";
		};
		6C9C1C6324384C0A005E09BA /* LilArcadeProj */ = {
			isa = PBXGroup;
			children = (
				6C9C1C6424384C0A005E09BA /* AppDelegate.swift */,
				6C9C1C6624384C0A005E09BA /* SceneDelegate.swift */,
				6C9C1C6824384C0A005E09BA /* ViewController.swift */,
				6C9C1C6A24384C0A005E09BA /* Main.storyboard */,
				6C9C1C6D24384C0C005E09BA /* Assets.xcassets */,
				6C9C1C6F24384C0C005E09BA /* LaunchScreen.storyboard */,
				6C9C1C7224384C0C005E09BA /* Info.plist */,
			);
			path = LilArcadeProj;
			sourceTree = "<group>";
		};
/* End PBXGroup section */

/* Begin PBXNativeTarget section */
		6C9C1C6024384C0A005E09BA /* LilArcadeProj */ = {
			isa = PBXNativeTarget;
			buildConfigurationList = 6C9C1C7524384C0C005E09BA /* Build configuration list for PBXNativeTarget "LilArcadeProj" */;
			buildPhases = (
				6C9C1C5D24384C0A005E09BA /* Sources */,
				6C9C1C5E24384C0A005E09BA /* Frameworks */,
				6C9C1C5F24384C0A005E09BA /* Resources */,
			);
			buildRules = (
			);
			dependencies = (
			);
			name = LilArcadeProj;
			productName = LilArcadeProj;
			productReference = 6C9C1C6124384C0A005E09BA /* LilArcadeProj.app */;
			productType = "com.apple.product-type.application";
		};
/* End PBXNativeTarget section */

/* Begin PBXProject section */
		6C9C1C5924384C0A005E09BA /* Project object */ = {
			isa = PBXProject;
			attributes = {
				LastSwiftUpdateCheck = 1130;
				LastUpgradeCheck = 1130;
				ORGANIZATIONNAME = "Malon Holmes";
				TargetAttributes = {
					6C9C1C6024384C0A005E09BA = {
						CreatedOnToolsVersion = 11.3.1;
					};
				};
			};
			buildConfigurationList = 6C9C1C5C24384C0A005E09BA /* Build configuration list for PBXProject "LilArcadeProj" */;
			compatibilityVersion = "Xcode 9.3";
			developmentRegion = en;
			hasScannedForEncodings = 0;
			knownRegions = (
				en,
				Base,
			);
			mainGroup = 6C9C1C5824384C0A005E09BA;
			productRefGroup = 6C9C1C6224384C0A005E09BA /* Products */;
			projectDirPath = "";
			projectRoot = "";
			targets = (
				6C9C1C6024384C0A005E09BA /* LilArcadeProj */,
			);
		};
/* End PBXProject section */

/* Begin PBXResourcesBuildPhase section */
		6C9C1C5F24384C0A005E09BA /* Resources */ = {
			isa = PBXResourcesBuildPhase;
			buildActionMask = 2147483647;
			files = (
				6C9C1C7124384C0C005E09BA /* LaunchScreen.storyboard in Resources */,
				6C9C1C6E24384C0C005E09BA /* Assets.xcassets in Resources */,
				6C9C1C6C24384C0A005E09BA /* Main.storyboard in Resources */,
			);
			runOnlyForDeploymentPostprocessing = 0;
		};
/* End PBXResourcesBuildPhase section */

/* Begin PBXSourcesBuildPhase section */
		6C9C1C5D24384C0A005E09BA /* Sources */ = {
			isa = PBXSourcesBuildPhase;
			buildActionMask = 2147483647;
			files = (
				6C9C1C6924384C0A005E09BA /* ViewController.swift in Sources */,
				6C9C1C6524384C0A005E09BA /* AppDelegate.swift in Sources */,
				6C9C1C6724384C0A005E09BA /* SceneDelegate.swift in Sources */,
			);
			runOnlyForDeploymentPostprocessing = 0;
		};
/* End PBXSourcesBuildPhase section */

/* Begin PBXVariantGroup section */
		6C9C1C6A24384C0A005E09BA /* Main.storyboard */ = {
			isa = PBXVariantGroup;
			children = (
				6C9C1C6B24384C0A005E09BA /* Base */,
			);
			name = Main.storyboard;
			sourceTree = "<group>";
		};
		6C9C1C6F24384C0C005E09BA /* LaunchScreen.storyboard */ = {
			isa = PBXVariantGroup;
			children = (
				6C9C1C7024384C0C005E09BA /* Base */,
			);
			name = LaunchScreen.storyboard;
			sourceTree = "<group>";
		};
/* End PBXVariantGroup section */

/* Begin XCBuildConfiguration section */
		6C9C1C7324384C0C005E09BA /* Debug */ = {
			isa = XCBuildConfiguration;
			buildSettings = {
				ALWAYS_SEARCH_USER_PATHS = NO;
				CLANG_ANALYZER_NONNULL = YES;
				CLANG_ANALYZER_NUMBER_OBJECT_CONVERSION = YES_AGGRESSIVE;
				CLANG_CXX_LANGUAGE_STANDARD = "gnu++14";
				CLANG_CXX_LIBRARY = "libc++";
				CLANG_ENABLE_MODULES = YES;
				CLANG_ENABLE_OBJC_ARC = YES;
				CLANG_ENABLE_OBJC_WEAK = YES;
				CLANG_WARN_BLOCK_CAPTURE_AUTORELEASING = YES;
				CLANG_WARN_BOOL_CONVERSION = YES;
				CLANG_WARN_COMMA = YES;
				CLANG_WARN_CONSTANT_CONVERSION = YES;
				CLANG_WARN_DEPRECATED_OBJC_IMPLEMENTATIONS = YES;
				CLANG_WARN_DIRECT_OBJC_ISA_USAGE = YES_ERROR;
				CLANG_WARN_DOCUMENTATION_COMMENTS = YES;
				CLANG_WARN_EMPTY_BODY = YES;
				CLANG_WARN_ENUM_CONVERSION = YES;
				CLANG_WARN_INFINITE_RECURSION = YES;
				CLANG_WARN_INT_CONVERSION = YES;
				CLANG_WARN_NON_LITERAL_NULL_CONVERSION = YES;
				CLANG_WARN_OBJC_IMPLICIT_RETAIN_SELF = YES;
				CLANG_WARN_OBJC_LITERAL_CONVERSION = YES;
				CLANG_WARN_OBJC_ROOT_CLASS = YES_ERROR;
				CLANG_WARN_RANGE_LOOP_ANALYSIS = YES;
				CLANG_WARN_STRICT_PROTOTYPES = YES;
				CLANG_WARN_SUSPICIOUS_MOVE = YES;
				CLANG_WARN_UNGUARDED_AVAILABILITY = YES_AGGRESSIVE;
				CLANG_WARN_UNREACHABLE_CODE = YES;
				CLANG_WARN__DUPLICATE_METHOD_MATCH = YES;
				COPY_PHASE_STRIP = NO;
				DEBUG_INFORMATION_FORMAT = dwarf;
				ENABLE_STRICT_OBJC_MSGSEND = YES;
				ENABLE_TESTABILITY = YES;
				GCC_C_LANGUAGE_STANDARD = gnu11;
				GCC_DYNAMIC_NO_PIC = NO;
				GCC_NO_COMMON_BLOCKS = YES;
				GCC_OPTIMIZATION_LEVEL = 0;
				GCC_PREPROCESSOR_DEFINITIONS = (
					"DEBUG=1",
					"$(inherited)",
				);
				GCC_WARN_64_TO_32_BIT_CONVERSION = YES;
				GCC_WARN_ABOUT_RETURN_TYPE = YES_ERROR;
				GCC_WARN_UNDECLARED_SELECTOR = YES;
				GCC_WARN_UNINITIALIZED_AUTOS = YES_AGGRESSIVE;
				GCC_WARN_UNUSED_FUNCTION = YES;
				GCC_WARN_UNUSED_VARIABLE = YES;
				IPHONEOS_DEPLOYMENT_TARGET = 13.2;
				MTL_ENABLE_DEBUG_INFO = INCLUDE_SOURCE;
				MTL_FAST_MATH = YES;
				ONLY_ACTIVE_ARCH = YES;
				SDKROOT = iphoneos;
				SWIFT_ACTIVE_COMPILATION_CONDITIONS = DEBUG;
				SWIFT_OPTIMIZATION_LEVEL = "-Onone";
			};
			name = Debug;
		};
		6C9C1C7424384C0C005E09BA /* Release */ = {
			isa = XCBuildConfiguration;
			buildSettings = {
				ALWAYS_SEARCH_USER_PATHS = NO;
				CLANG_ANALYZER_NONNULL = YES;
				CLANG_ANALYZER_NUMBER_OBJECT_CONVERSION = YES_AGGRESSIVE;
				CLANG_CXX_LANGUAGE_STANDARD = "gnu++14";
				CLANG_CXX_LIBRARY = "libc++";
				CLANG_ENABLE_MODULES = YES;
				CLANG_ENABLE_OBJC_ARC = YES;
				CLANG_ENABLE_OBJC_WEAK = YES;
				CLANG_WARN_BLOCK_CAPTURE_AUTORELEASING = YES;
				CLANG_WARN_BOOL_CONVERSION = YES;
				CLANG_WARN_COMMA = YES;
				CLANG_WARN_CONSTANT_CONVERSION = YES;
				CLANG_WARN_DEPRECATED_OBJC_IMPLEMENTATIONS = YES;
				CLANG_WARN_DIRECT_OBJC_ISA_USAGE = YES_ERROR;
				CLANG_WARN_DOCUMENTATION_COMMENTS = YES;
				CLANG_WARN_EMPTY_BODY = YES;
				CLANG_WARN_ENUM_CONVERSION = YES;
				CLANG_WARN_INFINITE_RECURSION = YES;
				CLANG_WARN_INT_CONVERSION = YES;
				CLANG_WARN_NON_LITERAL_NULL_CONVERSION = YES;
				CLANG_WARN_OBJC_IMPLICIT_RETAIN_SELF = YES;
				CLANG_WARN_OBJC_LITERAL_CONVERSION = YES;
				CLANG_WARN_OBJC_ROOT_CLASS = YES_ERROR;
				CLANG_WARN_RANGE_LOOP_ANALYSIS = YES;
				CLANG_WARN_STRICT_PROTOTYPES = YES;
				CLANG_WARN_SUSPICIOUS_MOVE = YES;
				CLANG_WARN_UNGUARDED_AVAILABILITY = YES_AGGRESSIVE;
				CLANG_WARN_UNREACHABLE_CODE = YES;
				CLANG_WARN__DUPLICATE_METHOD_MATCH = YES;
				COPY_PHASE_STRIP = NO;
				DEBUG_INFORMATION_FORMAT = "dwarf-with-dsym";
				ENABLE_NS_ASSERTIONS = NO;
				ENABLE_STRICT_OBJC_MSGSEND = YES;
				GCC_C_LANGUAGE_STANDARD = gnu11;
				GCC_NO_COMMON_BLOCKS = YES;
				GCC_WARN_64_TO_32_BIT_CONVERSION = YES;
				GCC_WARN_ABOUT_RETURN_TYPE = YES_ERROR;
				GCC_WARN_UNDECLARED_SELECTOR = YES;
				GCC_WARN_UNINITIALIZED_AUTOS = YES_AGGRESSIVE;
				GCC_WARN_UNUSED_FUNCTION = YES;
				GCC_WARN_UNUSED_VARIABLE = YES;
				IPHONEOS_DEPLOYMENT_TARGET = 13.2;
				MTL_ENABLE_DEBUG_INFO = NO;
				MTL_FAST_MATH = YES;
				SDKROOT = iphoneos;
				SWIFT_COMPILATION_MODE = wholemodule;
				SWIFT_OPTIMIZATION_LEVEL = "-O";
				VALIDATE_PRODUCT = YES;
			};
			name = Release;
		};
		6C9C1C7624384C0C005E09BA /* Debug */ = {
			isa = XCBuildConfiguration;
			buildSettings = {
				ASSETCATALOG_COMPILER_APPICON_NAME = AppIcon;
				CODE_SIGN_STYLE = Automatic;
				DEVELOPMENT_TEAM = 994SA582CN;
				INFOPLIST_FILE = LilArcadeProj/Info.plist;
				LD_RUNPATH_SEARCH_PATHS = (
					"$(inherited)",
					"@executable_path/Frameworks",
				);
				PRODUCT_BUNDLE_IDENTIFIER = MALONHOLMES.LilArcadeProj;
				PRODUCT_NAME = "$(TARGET_NAME)";
				SWIFT_VERSION = 5.0;
				TARGETED_DEVICE_FAMILY = "1,2";
			};
			name = Debug;
		};
		6C9C1C7724384C0C005E09BA /* Release */ = {
			isa = XCBuildConfiguration;
			buildSettings = {
				ASSETCATALOG_COMPILER_APPICON_NAME = AppIcon;
				CODE_SIGN_STYLE = Automatic;
				DEVELOPMENT_TEAM = 994SA582CN;
				INFOPLIST_FILE = LilArcadeProj/Info.plist;
				LD_RUNPATH_SEARCH_PATHS = (
					"$(inherited)",
					"@executable_path/Frameworks",
				);
				PRODUCT_BUNDLE_IDENTIFIER = MALONHOLMES.LilArcadeProj;
				PRODUCT_NAME = "$(TARGET_NAME)";
				SWIFT_VERSION = 5.0;
				TARGETED_DEVICE_FAMILY = "1,2";
			};
			name = Release;
		};
/* End XCBuildConfiguration section */

/* Begin XCConfigurationList section */
		6C9C1C5C24384C0A005E09BA /* Build configuration list for PBXProject "LilArcadeProj" */ = {
			isa = XCConfigurationList;
			buildConfigurations = (
				6C9C1C7324384C0C005E09BA /* Debug */,
				6C9C1C7424384C0C005E09BA /* Release */,
			);
			defaultConfigurationIsVisible = 0;
			defaultConfigurationName = Release;
		};
		6C9C1C7524384C0C005E09BA /* Build configuration list for PBXNativeTarget "LilArcadeProj" */ = {
			isa = XCConfigurationList;
			buildConfigurations = (
				6C9C1C7624384C0C005E09BA /* Debug */,
				6C9C1C7724384C0C005E09BA /* Release */,
			);
			defaultConfigurationIsVisible = 0;
			defaultConfigurationName = Release;
		};
/* End XCConfigurationList section */
	};
	rootObject = 6C9C1C5924384C0A005E09BA /* Project object */;
}
